// !$*UTF8*$!
{
	archiveVersion = 1;
	classes = {
	};
	objectVersion = 50;
	objects = {

/* Begin PBXBuildFile section */
		AE89371725014C4000EBE758 /* AppDelegate.swift in Sources */ = {isa = PBXBuildFile; fileRef = AE89371625014C4000EBE758 /* AppDelegate.swift */; };
		AE89371925014C4000EBE758 /* SceneDelegate.swift in Sources */ = {isa = PBXBuildFile; fileRef = AE89371825014C4000EBE758 /* SceneDelegate.swift */; };
		AE89371B25014C4000EBE758 /* ViewController.swift in Sources */ = {isa = PBXBuildFile; fileRef = AE89371A25014C4000EBE758 /* ViewController.swift */; };
		AE89371E25014C4000EBE758 /* Main.storyboard in Resources */ = {isa = PBXBuildFile; fileRef = AE89371C25014C4000EBE758 /* Main.storyboard */; };
		AE89372025014C4200EBE758 /* Assets.xcassets in Resources */ = {isa = PBXBuildFile; fileRef = AE89371F25014C4200EBE758 /* Assets.xcassets */; };
		AE89372325014C4200EBE758 /* LaunchScreen.storyboard in Resources */ = {isa = PBXBuildFile; fileRef = AE89372125014C4200EBE758 /* LaunchScreen.storyboard */; };
		AE89372B25014C6300EBE758 /* GradientView.swift in Sources */ = {isa = PBXBuildFile; fileRef = AE89372A25014C6300EBE758 /* GradientView.swift */; };
		AE89372D25015C4D00EBE758 /* RadialMaskedImageView.swift in Sources */ = {isa = PBXBuildFile; fileRef = AE89372C25015C4D00EBE758 /* RadialMaskedImageView.swift */; };
		AE89372F250175DA00EBE758 /* UIViewController+CAAnimationDelegate.swift in Sources */ = {isa = PBXBuildFile; fileRef = AE89372E250175DA00EBE758 /* UIViewController+CAAnimationDelegate.swift */; };
/* End PBXBuildFile section */

/* Begin PBXFileReference section */
		AE89371325014C4000EBE758 /* GradientView.app */ = {isa = PBXFileReference; explicitFileType = wrapper.application; includeInIndex = 0; path = GradientView.app; sourceTree = BUILT_PRODUCTS_DIR; };
		AE89371625014C4000EBE758 /* AppDelegate.swift */ = {isa = PBXFileReference; lastKnownFileType = sourcecode.swift; path = AppDelegate.swift; sourceTree = "<group>"; };
		AE89371825014C4000EBE758 /* SceneDelegate.swift */ = {isa = PBXFileReference; lastKnownFileType = sourcecode.swift; path = SceneDelegate.swift; sourceTree = "<group>"; };
		AE89371A25014C4000EBE758 /* ViewController.swift */ = {isa = PBXFileReference; lastKnownFileType = sourcecode.swift; path = ViewController.swift; sourceTree = "<group>"; };
		AE89371D25014C4000EBE758 /* Base */ = {isa = PBXFileReference; lastKnownFileType = file.storyboard; name = Base; path = Base.lproj/Main.storyboard; sourceTree = "<group>"; };
		AE89371F25014C4200EBE758 /* Assets.xcassets */ = {isa = PBXFileReference; lastKnownFileType = folder.assetcatalog; path = Assets.xcassets; sourceTree = "<group>"; };
		AE89372225014C4200EBE758 /* Base */ = {isa = PBXFileReference; lastKnownFileType = file.storyboard; name = Base; path = Base.lproj/LaunchScreen.storyboard; sourceTree = "<group>"; };
		AE89372425014C4200EBE758 /* Info.plist */ = {isa = PBXFileReference; lastKnownFileType = text.plist.xml; path = Info.plist; sourceTree = "<group>"; };
		AE89372A25014C6300EBE758 /* GradientView.swift */ = {isa = PBXFileReference; lastKnownFileType = sourcecode.swift; path = GradientView.swift; sourceTree = "<group>"; };
		AE89372C25015C4D00EBE758 /* RadialMaskedImageView.swift */ = {isa = PBXFileReference; lastKnownFileType = sourcecode.swift; path = RadialMaskedImageView.swift; sourceTree = "<group>"; };
		AE89372E250175DA00EBE758 /* UIViewController+CAAnimationDelegate.swift */ = {isa = PBXFileReference; fileEncoding = 4; lastKnownFileType = sourcecode.swift; path = "UIViewController+CAAnimationDelegate.swift"; sourceTree = "<group>"; };
/* End PBXFileReference section */

/* Begin PBXFrameworksBuildPhase section */
		AE89371025014C4000EBE758 /* Frameworks */ = {
			isa = PBXFrameworksBuildPhase;
			buildActionMask = 2147483647;
			files = (
			);
			runOnlyForDeploymentPostprocessing = 0;
		};
/* End PBXFrameworksBuildPhase section */

/* Begin PBXGroup section */
		AE89370A25014C4000EBE758 = {
			isa = PBXGroup;
			children = (
				AE89371525014C4000EBE758 /* GradientView */,
				AE89371425014C4000EBE758 /* Products */,
			);
			sourceTree = "<group>";
		};
		AE89371425014C4000EBE758 /* Products */ = {
			isa = PBXGroup;
			children = (
				AE89371325014C4000EBE758 /* GradientView.app */,
			);
			name = Products;
			sourceTree = "<group>";
		};
		AE89371525014C4000EBE758 /* GradientView */ = {
			isa = PBXGroup;
			children = (
				AE89371625014C4000EBE758 /* AppDelegate.swift */,
				AE89372A25014C6300EBE758 /* GradientView.swift */,
				AE89372E250175DA00EBE758 /* UIViewController+CAAnimationDelegate.swift */,
				AE89372C25015C4D00EBE758 /* RadialMaskedImageView.swift */,
				AE89371825014C4000EBE758 /* SceneDelegate.swift */,
				AE89371A25014C4000EBE758 /* ViewController.swift */,
				AE89371C25014C4000EBE758 /* Main.storyboard */,
				AE89371F25014C4200EBE758 /* Assets.xcassets */,
				AE89372125014C4200EBE758 /* LaunchScreen.storyboard */,
				AE89372425014C4200EBE758 /* Info.plist */,
			);
			path = GradientView;
			sourceTree = "<group>";
		};
/* End PBXGroup section */

/* Begin PBXNativeTarget section */
		AE89371225014C4000EBE758 /* GradientView */ = {
			isa = PBXNativeTarget;
			buildConfigurationList = AE89372725014C4200EBE758 /* Build configuration list for PBXNativeTarget "GradientView" */;
			buildPhases = (
				AE89370F25014C4000EBE758 /* Sources */,
				AE89371025014C4000EBE758 /* Frameworks */,
				AE89371125014C4000EBE758 /* Resources */,
			);
			buildRules = (
			);
			dependencies = (
			);
			name = GradientView;
			productName = GradientView;
			productReference = AE89371325014C4000EBE758 /* GradientView.app */;
			productType = "com.apple.product-type.application";
		};
/* End PBXNativeTarget section */

/* Begin PBXProject section */
		AE89370B25014C4000EBE758 /* Project object */ = {
			isa = PBXProject;
			attributes = {
				LastSwiftUpdateCheck = 1170;
				LastUpgradeCheck = 1170;
				ORGANIZATIONNAME = "Duncan Champney";
				TargetAttributes = {
					AE89371225014C4000EBE758 = {
						CreatedOnToolsVersion = 11.7;
					};
				};
			};
			buildConfigurationList = AE89370E25014C4000EBE758 /* Build configuration list for PBXProject "GradientView" */;
			compatibilityVersion = "Xcode 9.3";
			developmentRegion = en;
			hasScannedForEncodings = 0;
			knownRegions = (
				en,
				Base,
			);
			mainGroup = AE89370A25014C4000EBE758;
			productRefGroup = AE89371425014C4000EBE758 /* Products */;
			projectDirPath = "";
			projectRoot = "";
			targets = (
				AE89371225014C4000EBE758 /* GradientView */,
			);
		};
/* End PBXProject section */

/* Begin PBXResourcesBuildPhase section */
		AE89371125014C4000EBE758 /* Resources */ = {
			isa = PBXResourcesBuildPhase;
			buildActionMask = 2147483647;
			files = (
				AE89372325014C4200EBE758 /* LaunchScreen.storyboard in Resources */,
				AE89372025014C4200EBE758 /* Assets.xcassets in Resources */,
				AE89371E25014C4000EBE758 /* Main.storyboard in Resources */,
			);
			runOnlyForDeploymentPostprocessing = 0;
		};
/* End PBXResourcesBuildPhase section */

/* Begin PBXSourcesBuildPhase section */
		AE89370F25014C4000EBE758 /* Sources */ = {
			isa = PBXSourcesBuildPhase;
			buildActionMask = 2147483647;
			files = (
				AE89371B25014C4000EBE758 /* ViewController.swift in Sources */,
				AE89371725014C4000EBE758 /* AppDelegate.swift in Sources */,
				AE89372F250175DA00EBE758 /* UIViewController+CAAnimationDelegate.swift in Sources */,
				AE89372B25014C6300EBE758 /* GradientView.swift in Sources */,
				AE89371925014C4000EBE758 /* SceneDelegate.swift in Sources */,
				AE89372D25015C4D00EBE758 /* RadialMaskedImageView.swift in Sources */,
			);
			runOnlyForDeploymentPostprocessing = 0;
		};
/* End PBXSourcesBuildPhase section */

/* Begin PBXVariantGroup section */
		AE89371C25014C4000EBE758 /* Main.storyboard */ = {
			isa = PBXVariantGroup;
			children = (
				AE89371D25014C4000EBE758 /* Base */,
			);
			name = Main.storyboard;
			sourceTree = "<group>";
		};
		AE89372125014C4200EBE758 /* LaunchScreen.storyboard */ = {
			isa = PBXVariantGroup;
			children = (
				AE89372225014C4200EBE758 /* Base */,
			);
			name = LaunchScreen.storyboard;
			sourceTree = "<group>";
		};
/* End PBXVariantGroup section */

/* Begin XCBuildConfiguration section */
		AE89372525014C4200EBE758 /* Debug */ = {
			isa = XCBuildConfiguration;
			buildSettings = {
				ALWAYS_SEARCH_USER_PATHS = NO;
				CLANG_ANALYZER_NONNULL = YES;
				CLANG_ANALYZER_NUMBER_OBJECT_CONVERSION = YES_AGGRESSIVE;
				CLANG_CXX_LANGUAGE_STANDARD = "gnu++14";
				CLANG_CXX_LIBRARY = "libc++";
				CLANG_ENABLE_MODULES = YES;
				CLANG_ENABLE_OBJC_ARC = YES;
				CLANG_ENABLE_OBJC_WEAK = YES;
				CLANG_WARN_BLOCK_CAPTURE_AUTORELEASING = YES;
				CLANG_WARN_BOOL_CONVERSION = YES;
				CLANG_WARN_COMMA = YES;
				CLANG_WARN_CONSTANT_CONVERSION = YES;
				CLANG_WARN_DEPRECATED_OBJC_IMPLEMENTATIONS = YES;
				CLANG_WARN_DIRECT_OBJC_ISA_USAGE = YES_ERROR;
				CLANG_WARN_DOCUMENTATION_COMMENTS = YES;
				CLANG_WARN_EMPTY_BODY = YES;
				CLANG_WARN_ENUM_CONVERSION = YES;
				CLANG_WARN_INFINITE_RECURSION = YES;
				CLANG_WARN_INT_CONVERSION = YES;
				CLANG_WARN_NON_LITERAL_NULL_CONVERSION = YES;
				CLANG_WARN_OBJC_IMPLICIT_RETAIN_SELF = YES;
				CLANG_WARN_OBJC_LITERAL_CONVERSION = YES;
				CLANG_WARN_OBJC_ROOT_CLASS = YES_ERROR;
				CLANG_WARN_RANGE_LOOP_ANALYSIS = YES;
				CLANG_WARN_STRICT_PROTOTYPES = YES;
				CLANG_WARN_SUSPICIOUS_MOVE = YES;
				CLANG_WARN_UNGUARDED_AVAILABILITY = YES_AGGRESSIVE;
				CLANG_WARN_UNREACHABLE_CODE = YES;
				CLANG_WARN__DUPLICATE_METHOD_MATCH = YES;
				COPY_PHASE_STRIP = NO;
				DEBUG_INFORMATION_FORMAT = dwarf;
				ENABLE_STRICT_OBJC_MSGSEND = YES;
				ENABLE_TESTABILITY = YES;
				GCC_C_LANGUAGE_STANDARD = gnu11;
				GCC_DYNAMIC_NO_PIC = NO;
				GCC_NO_COMMON_BLOCKS = YES;
				GCC_OPTIMIZATION_LEVEL = 0;
				GCC_PREPROCESSOR_DEFINITIONS = (
					"DEBUG=1",
					"$(inherited)",
				);
				GCC_WARN_64_TO_32_BIT_CONVERSION = YES;
				GCC_WARN_ABOUT_RETURN_TYPE = YES_ERROR;
				GCC_WARN_UNDECLARED_SELECTOR = YES;
				GCC_WARN_UNINITIALIZED_AUTOS = YES_AGGRESSIVE;
				GCC_WARN_UNUSED_FUNCTION = YES;
				GCC_WARN_UNUSED_VARIABLE = YES;
				IPHONEOS_DEPLOYMENT_TARGET = 13.7;
				MTL_ENABLE_DEBUG_INFO = INCLUDE_SOURCE;
				MTL_FAST_MATH = YES;
				ONLY_ACTIVE_ARCH = YES;
				SDKROOT = iphoneos;
				SWIFT_ACTIVE_COMPILATION_CONDITIONS = DEBUG;
				SWIFT_OPTIMIZATION_LEVEL = "-Onone";
			};
			name = Debug;
		};
		AE89372625014C4200EBE758 /* Release */ = {
			isa = XCBuildConfiguration;
			buildSettings = {
				ALWAYS_SEARCH_USER_PATHS = NO;
				CLANG_ANALYZER_NONNULL = YES;
				CLANG_ANALYZER_NUMBER_OBJECT_CONVERSION = YES_AGGRESSIVE;
				CLANG_CXX_LANGUAGE_STANDARD = "gnu++14";
				CLANG_CXX_LIBRARY = "libc++";
				CLANG_ENABLE_MODULES = YES;
				CLANG_ENABLE_OBJC_ARC = YES;
				CLANG_ENABLE_OBJC_WEAK = YES;
				CLANG_WARN_BLOCK_CAPTURE_AUTORELEASING = YES;
				CLANG_WARN_BOOL_CONVERSION = YES;
				CLANG_WARN_COMMA = YES;
				CLANG_WARN_CONSTANT_CONVERSION = YES;
				CLANG_WARN_DEPRECATED_OBJC_IMPLEMENTATIONS = YES;
				CLANG_WARN_DIRECT_OBJC_ISA_USAGE = YES_ERROR;
				CLANG_WARN_DOCUMENTATION_COMMENTS = YES;
				CLANG_WARN_EMPTY_BODY = YES;
				CLANG_WARN_ENUM_CONVERSION = YES;
				CLANG_WARN_INFINITE_RECURSION = YES;
				CLANG_WARN_INT_CONVERSION = YES;
				CLANG_WARN_NON_LITERAL_NULL_CONVERSION = YES;
				CLANG_WARN_OBJC_IMPLICIT_RETAIN_SELF = YES;
				CLANG_WARN_OBJC_LITERAL_CONVERSION = YES;
				CLANG_WARN_OBJC_ROOT_CLASS = YES_ERROR;
				CLANG_WARN_RANGE_LOOP_ANALYSIS = YES;
				CLANG_WARN_STRICT_PROTOTYPES = YES;
				CLANG_WARN_SUSPICIOUS_MOVE = YES;
				CLANG_WARN_UNGUARDED_AVAILABILITY = YES_AGGRESSIVE;
				CLANG_WARN_UNREACHABLE_CODE = YES;
				CLANG_WARN__DUPLICATE_METHOD_MATCH = YES;
				COPY_PHASE_STRIP = NO;
				DEBUG_INFORMATION_FORMAT = "dwarf-with-dsym";
				ENABLE_NS_ASSERTIONS = NO;
				ENABLE_STRICT_OBJC_MSGSEND = YES;
				GCC_C_LANGUAGE_STANDARD = gnu11;
				GCC_NO_COMMON_BLOCKS = YES;
				GCC_WARN_64_TO_32_BIT_CONVERSION = YES;
				GCC_WARN_ABOUT_RETURN_TYPE = YES_ERROR;
				GCC_WARN_UNDECLARED_SELECTOR = YES;
				GCC_WARN_UNINITIALIZED_AUTOS = YES_AGGRESSIVE;
				GCC_WARN_UNUSED_FUNCTION = YES;
				GCC_WARN_UNUSED_VARIABLE = YES;
				IPHONEOS_DEPLOYMENT_TARGET = 13.7;
				MTL_ENABLE_DEBUG_INFO = NO;
				MTL_FAST_MATH = YES;
				SDKROOT = iphoneos;
				SWIFT_COMPILATION_MODE = wholemodule;
				SWIFT_OPTIMIZATION_LEVEL = "-O";
				VALIDATE_PRODUCT = YES;
			};
			name = Release;
		};
		AE89372825014C4200EBE758 /* Debug */ = {
			isa = XCBuildConfiguration;
			buildSettings = {
				ASSETCATALOG_COMPILER_APPICON_NAME = AppIcon;
				CODE_SIGN_STYLE = Automatic;
				DEVELOPMENT_TEAM = VBNQV8KG4G;
				INFOPLIST_FILE = GradientView/Info.plist;
				LD_RUNPATH_SEARCH_PATHS = (
					"$(inherited)",
					"@executable_path/Frameworks",
				);
				PRODUCT_BUNDLE_IDENTIFIER = com.wareto.GradientView;
				PRODUCT_NAME = "$(TARGET_NAME)";
				SWIFT_VERSION = 5.0;
				TARGETED_DEVICE_FAMILY = "1,2";
			};
			name = Debug;
		};
		AE89372925014C4200EBE758 /* Release */ = {
			isa = XCBuildConfiguration;
			buildSettings = {
				ASSETCATALOG_COMPILER_APPICON_NAME = AppIcon;
				CODE_SIGN_STYLE = Automatic;
				DEVELOPMENT_TEAM = VBNQV8KG4G;
				INFOPLIST_FILE = GradientView/Info.plist;
				LD_RUNPATH_SEARCH_PATHS = (
					"$(inherited)",
					"@executable_path/Frameworks",
				);
				PRODUCT_BUNDLE_IDENTIFIER = com.wareto.GradientView;
				PRODUCT_NAME = "$(TARGET_NAME)";
				SWIFT_VERSION = 5.0;
				TARGETED_DEVICE_FAMILY = "1,2";
			};
			name = Release;
		};
/* End XCBuildConfiguration section */

/* Begin XCConfigurationList section */
		AE89370E25014C4000EBE758 /* Build configuration list for PBXProject "GradientView" */ = {
			isa = XCConfigurationList;
			buildConfigurations = (
				AE89372525014C4200EBE758 /* Debug */,
				AE89372625014C4200EBE758 /* Release */,
			);
			defaultConfigurationIsVisible = 0;
			defaultConfigurationName = Release;
		};
		AE89372725014C4200EBE758 /* Build configuration list for PBXNativeTarget "GradientView" */ = {
			isa = XCConfigurationList;
			buildConfigurations = (
				AE89372825014C4200EBE758 /* Debug */,
				AE89372925014C4200EBE758 /* Release */,
			);
			defaultConfigurationIsVisible = 0;
			defaultConfigurationName = Release;
		};
/* End XCConfigurationList section */
	};
	rootObject = AE89370B25014C4000EBE758 /* Project object */;
}
